Microsoft Visual Studio Solution File, Format Version 8.00
Project("{F184B08F-C81C-45F6-A57F-5ABD9991F28F}") = "ToolsSample", "http://localhost/ToolsSample_6_5/ToolsSample.vbproj", "{1C406F0D-F607-4899-A4C3-C10BAD7372AC}"
	ProjectSection(ProjectDependencies) = postProject
	EndProjectSection
EndProject
Project("{F184B08F-C81C-45F6-A57F-5ABD9991F28F}") = "CustomizedWebTools", "CustomizedWebTools\CustomizedWebTools.vbproj", "{74425034-58BA-402E-A14C-2A6CF0E9621B}"
	ProjectSection(ProjectDependencies) = postProject
	EndProjectSection
EndProject
Global
	GlobalSection(SolutionConfiguration) = preSolution
		Debug = Debug
		Release = Release
	EndGlobalSection
	GlobalSection(ProjectConfiguration) = postSolution
		{1C406F0D-F607-4899-A4C3-C10BAD7372AC}.Debug.ActiveCfg = Debug|.NET
		{1C406F0D-F607-4899-A4C3-C10BAD7372AC}.Debug.Build.0 = Debug|.NET
		{1C406F0D-F607-4899-A4C3-C10BAD7372AC}.Release.ActiveCfg = Release|.NET
		{1C406F0D-F607-4899-A4C3-C10BAD7372AC}.Release.Build.0 = Release|.NET
		{74425034-58BA-402E-A14C-2A6CF0E9621B}.Debug.ActiveCfg = Debug|.NET
		{74425034-58BA-402E-A14C-2A6CF0E9621B}.Debug.Build.0 = Debug|.NET
		{74425034-58BA-402E-A14C-2A6CF0E9621B}.Release.ActiveCfg = Release|.NET
		{74425034-58BA-402E-A14C-2A6CF0E9621B}.Release.Build.0 = Release|.NET
	EndGlobalSection
	GlobalSection(ExtensibilityGlobals) = postSolution
	EndGlobalSection
	GlobalSection(ExtensibilityAddIns) = postSolution
	EndGlobalSection
EndGlobal
