
Microsoft Visual Studio Solution File, Format Version 9.00
# Visual Studio 2005
Project("{E24C65DC-7377-472B-9ABA-BC803B73C61A}") = "C:\...\CustomToolsVB\", "CustomTools\CustomToolsVB\", "{B46507AA-E112-4397-831E-249C8F5C7A72}"
	ProjectSection(WebsiteProperties) = preProject
		Debug.AspNetCompiler.VirtualPath = "/CustomToolsVB"
		Debug.AspNetCompiler.PhysicalPath = "CustomTools\CustomToolsVB\"
		Debug.AspNetCompiler.TargetPath = "PrecompiledWeb\CustomToolsVB\"
		Debug.AspNetCompiler.Updateable = "true"
		Debug.AspNetCompiler.ForceOverwrite = "true"
		Debug.AspNetCompiler.FixedNames = "false"
		Debug.AspNetCompiler.Debug = "True"
		Release.AspNetCompiler.VirtualPath = "/CustomToolsVB"
		Release.AspNetCompiler.PhysicalPath = "CustomTools\CustomToolsVB\"
		Release.AspNetCompiler.TargetPath = "PrecompiledWeb\CustomToolsVB\"
		Release.AspNetCompiler.Updateable = "true"
		Release.AspNetCompiler.ForceOverwrite = "true"
		Release.AspNetCompiler.FixedNames = "false"
		Release.AspNetCompiler.Debug = "False"
		VWDPort = "2332"
	EndProjectSection
EndProject
Project("{E24C65DC-7377-472B-9ABA-BC803B73C61A}") = "C:\...\DataAccessVB\", "DataAccess\DataAccessVB\", "{26D93413-0EA6-4128-A036-BD2CC93DC662}"
	ProjectSection(WebsiteProperties) = preProject
		Debug.AspNetCompiler.VirtualPath = "/DataAccessVB"
		Debug.AspNetCompiler.PhysicalPath = "DataAccess\DataAccessVB\"
		Debug.AspNetCompiler.TargetPath = "PrecompiledWeb\DataAccessVB\"
		Debug.AspNetCompiler.Updateable = "true"
		Debug.AspNetCompiler.ForceOverwrite = "true"
		Debug.AspNetCompiler.FixedNames = "false"
		Debug.AspNetCompiler.Debug = "True"
		Release.AspNetCompiler.VirtualPath = "/DataAccessVB"
		Release.AspNetCompiler.PhysicalPath = "DataAccess\DataAccessVB\"
		Release.AspNetCompiler.TargetPath = "PrecompiledWeb\DataAccessVB\"
		Release.AspNetCompiler.Updateable = "true"
		Release.AspNetCompiler.ForceOverwrite = "true"
		Release.AspNetCompiler.FixedNames = "false"
		Release.AspNetCompiler.Debug = "False"
		VWDPort = "2334"
	EndProjectSection
EndProject
Project("{E24C65DC-7377-472B-9ABA-BC803B73C61A}") = "C:\...\FindVB\", "Find\FindVB\", "{9EE88300-8626-44C1-A335-72064B496E0D}"
	ProjectSection(WebsiteProperties) = preProject
		Debug.AspNetCompiler.VirtualPath = "/FindVB"
		Debug.AspNetCompiler.PhysicalPath = "Find\FindVB\"
		Debug.AspNetCompiler.TargetPath = "PrecompiledWeb\FindVB\"
		Debug.AspNetCompiler.Updateable = "true"
		Debug.AspNetCompiler.ForceOverwrite = "true"
		Debug.AspNetCompiler.FixedNames = "false"
		Debug.AspNetCompiler.Debug = "True"
		Release.AspNetCompiler.VirtualPath = "/FindVB"
		Release.AspNetCompiler.PhysicalPath = "Find\FindVB\"
		Release.AspNetCompiler.TargetPath = "PrecompiledWeb\FindVB\"
		Release.AspNetCompiler.Updateable = "true"
		Release.AspNetCompiler.ForceOverwrite = "true"
		Release.AspNetCompiler.FixedNames = "false"
		Release.AspNetCompiler.Debug = "False"
		VWDPort = "2336"
	EndProjectSection
EndProject
Project("{E24C65DC-7377-472B-9ABA-BC803B73C61A}") = "C:\...\HelloWorldVB\", "HelloWorld\HelloWorldVB\", "{6C74BC48-2ED6-4B5B-952A-BF96B8FEFA88}"
	ProjectSection(WebsiteProperties) = preProject
		Debug.AspNetCompiler.VirtualPath = "/HelloWorldVB"
		Debug.AspNetCompiler.PhysicalPath = "HelloWorld\HelloWorldVB\"
		Debug.AspNetCompiler.TargetPath = "PrecompiledWeb\HelloWorldVB\"
		Debug.AspNetCompiler.Updateable = "true"
		Debug.AspNetCompiler.ForceOverwrite = "true"
		Debug.AspNetCompiler.FixedNames = "false"
		Debug.AspNetCompiler.Debug = "True"
		Release.AspNetCompiler.VirtualPath = "/HelloWorldVB"
		Release.AspNetCompiler.PhysicalPath = "HelloWorld\HelloWorldVB\"
		Release.AspNetCompiler.TargetPath = "PrecompiledWeb\HelloWorldVB\"
		Release.AspNetCompiler.Updateable = "true"
		Release.AspNetCompiler.ForceOverwrite = "true"
		Release.AspNetCompiler.FixedNames = "false"
		Release.AspNetCompiler.Debug = "False"
		VWDPort = "2338"
	EndProjectSection
EndProject
Project("{E24C65DC-7377-472B-9ABA-BC803B73C61A}") = "C:\...\InfoToolVB\", "InfoTool\InfoToolVB\", "{BC4FF657-AD33-4676-982C-5EE654604684}"
	ProjectSection(WebsiteProperties) = preProject
		Debug.AspNetCompiler.VirtualPath = "/InfoToolVB"
		Debug.AspNetCompiler.PhysicalPath = "InfoTool\InfoToolVB\"
		Debug.AspNetCompiler.TargetPath = "PrecompiledWeb\InfoToolVB\"
		Debug.AspNetCompiler.Updateable = "true"
		Debug.AspNetCompiler.ForceOverwrite = "true"
		Debug.AspNetCompiler.FixedNames = "false"
		Debug.AspNetCompiler.Debug = "True"
		Release.AspNetCompiler.VirtualPath = "/InfoToolVB"
		Release.AspNetCompiler.PhysicalPath = "InfoTool\InfoToolVB\"
		Release.AspNetCompiler.TargetPath = "PrecompiledWeb\InfoToolVB\"
		Release.AspNetCompiler.Updateable = "true"
		Release.AspNetCompiler.ForceOverwrite = "true"
		Release.AspNetCompiler.FixedNames = "false"
		Release.AspNetCompiler.Debug = "False"
		VWDPort = "2342"
	EndProjectSection
EndProject
Project("{E24C65DC-7377-472B-9ABA-BC803B73C61A}") = "C:\...\LegendControlVB\", "LegendControl\LegendControlVB\", "{2B7AE6BD-C35F-4F2D-BDB8-4B8436CD9ABB}"
	ProjectSection(WebsiteProperties) = preProject
		Debug.AspNetCompiler.VirtualPath = "/LegendControlVB"
		Debug.AspNetCompiler.PhysicalPath = "LegendControl\LegendControlVB\"
		Debug.AspNetCompiler.TargetPath = "PrecompiledWeb\LegendControlVB\"
		Debug.AspNetCompiler.Updateable = "true"
		Debug.AspNetCompiler.ForceOverwrite = "true"
		Debug.AspNetCompiler.FixedNames = "false"
		Debug.AspNetCompiler.Debug = "True"
		Release.AspNetCompiler.VirtualPath = "/LegendControlVB"
		Release.AspNetCompiler.PhysicalPath = "LegendControl\LegendControlVB\"
		Release.AspNetCompiler.TargetPath = "PrecompiledWeb\LegendControlVB\"
		Release.AspNetCompiler.Updateable = "true"
		Release.AspNetCompiler.ForceOverwrite = "true"
		Release.AspNetCompiler.FixedNames = "false"
		Release.AspNetCompiler.Debug = "False"
		VWDPort = "2345"
	EndProjectSection
EndProject
Project("{E24C65DC-7377-472B-9ABA-BC803B73C61A}") = "C:\...\ThematicsVB\", "Thematics\ThematicsVB\", "{6C823DBA-B837-4C8A-8101-DD83D2629CCF}"
	ProjectSection(WebsiteProperties) = preProject
		Debug.AspNetCompiler.VirtualPath = "/ThematicsVB"
		Debug.AspNetCompiler.PhysicalPath = "Thematics\ThematicsVB\"
		Debug.AspNetCompiler.TargetPath = "PrecompiledWeb\ThematicsVB\"
		Debug.AspNetCompiler.Updateable = "true"
		Debug.AspNetCompiler.ForceOverwrite = "true"
		Debug.AspNetCompiler.FixedNames = "false"
		Debug.AspNetCompiler.Debug = "True"
		Release.AspNetCompiler.VirtualPath = "/ThematicsVB"
		Release.AspNetCompiler.PhysicalPath = "Thematics\ThematicsVB\"
		Release.AspNetCompiler.TargetPath = "PrecompiledWeb\ThematicsVB\"
		Release.AspNetCompiler.Updateable = "true"
		Release.AspNetCompiler.ForceOverwrite = "true"
		Release.AspNetCompiler.FixedNames = "false"
		Release.AspNetCompiler.Debug = "False"
		VWDPort = "2347"
	EndProjectSection
EndProject
Global
	GlobalSection(SolutionConfigurationPlatforms) = preSolution
		Debug|.NET = Debug|.NET
	EndGlobalSection
	GlobalSection(ProjectConfigurationPlatforms) = postSolution
		{B46507AA-E112-4397-831E-249C8F5C7A72}.Debug|.NET.ActiveCfg = Debug|.NET
		{B46507AA-E112-4397-831E-249C8F5C7A72}.Debug|.NET.Build.0 = Debug|.NET
		{26D93413-0EA6-4128-A036-BD2CC93DC662}.Debug|.NET.ActiveCfg = Debug|.NET
		{26D93413-0EA6-4128-A036-BD2CC93DC662}.Debug|.NET.Build.0 = Debug|.NET
		{9EE88300-8626-44C1-A335-72064B496E0D}.Debug|.NET.ActiveCfg = Debug|.NET
		{9EE88300-8626-44C1-A335-72064B496E0D}.Debug|.NET.Build.0 = Debug|.NET
		{6C74BC48-2ED6-4B5B-952A-BF96B8FEFA88}.Debug|.NET.ActiveCfg = Debug|.NET
		{6C74BC48-2ED6-4B5B-952A-BF96B8FEFA88}.Debug|.NET.Build.0 = Debug|.NET
		{BC4FF657-AD33-4676-982C-5EE654604684}.Debug|.NET.ActiveCfg = Debug|.NET
		{BC4FF657-AD33-4676-982C-5EE654604684}.Debug|.NET.Build.0 = Debug|.NET
		{2B7AE6BD-C35F-4F2D-BDB8-4B8436CD9ABB}.Debug|.NET.ActiveCfg = Debug|.NET
		{2B7AE6BD-C35F-4F2D-BDB8-4B8436CD9ABB}.Debug|.NET.Build.0 = Debug|.NET
		{6C823DBA-B837-4C8A-8101-DD83D2629CCF}.Debug|.NET.ActiveCfg = Debug|.NET
		{6C823DBA-B837-4C8A-8101-DD83D2629CCF}.Debug|.NET.Build.0 = Debug|.NET
	EndGlobalSection
	GlobalSection(SolutionProperties) = preSolution
		HideSolutionNode = FALSE
	EndGlobalSection
EndGlobal
